
Microsoft Visual Studio Solution File, Format Version 12.00
# Visual Studio 2013
VisualStudioVersion = 12.0.31101.0
MinimumVisualStudioVersion = 10.0.40219.1
Project("{FAE04EC0-301F-11D3-BF4B-00C04F79EFBC}") = "Chess", "Chess\Chess.csproj", "{DFBF4F1D-883C-4C01-BD8C-F3AAFEF2FAC2}"
EndProject
Project("{FAE04EC0-301F-11D3-BF4B-00C04F79EFBC}") = "Chess.Tests", "Chess.Tests\Chess.Tests.csproj", "{AF494772-2387-4A19-9D4A-4A3B8FC21017}"
EndProject
Project("{2150E333-8FDC-42A3-9474-1A3956D46DE8}") = ".nuget", ".nuget", "{29EE9F6E-4725-4A42-8037-3E5CEC2EDC20}"
	ProjectSection(SolutionItems) = preProject
		.nuget\packages.config = .nuget\packages.config
	EndProjectSection
EndProject
Global
	GlobalSection(SolutionConfigurationPlatforms) = preSolution
		Debug|Any CPU = Debug|Any CPU
		Release|Any CPU = Release|Any CPU
	EndGlobalSection
	GlobalSection(ProjectConfigurationPlatforms) = postSolution
		{DFBF4F1D-883C-4C01-BD8C-F3AAFEF2FAC2}.Debug|Any CPU.ActiveCfg = Debug|Any CPU
		{DFBF4F1D-883C-4C01-BD8C-F3AAFEF2FAC2}.Debug|Any CPU.Build.0 = Debug|Any CPU
		{DFBF4F1D-883C-4C01-BD8C-F3AAFEF2FAC2}.Release|Any CPU.ActiveCfg = Release|Any CPU
		{DFBF4F1D-883C-4C01-BD8C-F3AAFEF2FAC2}.Release|Any CPU.Build.0 = Release|Any CPU
		{AF494772-2387-4A19-9D4A-4A3B8FC21017}.Debug|Any CPU.ActiveCfg = Debug|Any CPU
		{AF494772-2387-4A19-9D4A-4A3B8FC21017}.Debug|Any CPU.Build.0 = Debug|Any CPU
		{AF494772-2387-4A19-9D4A-4A3B8FC21017}.Release|Any CPU.ActiveCfg = Release|Any CPU
		{AF494772-2387-4A19-9D4A-4A3B8FC21017}.Release|Any CPU.Build.0 = Release|Any CPU
	EndGlobalSection
	GlobalSection(SolutionProperties) = preSolution
		HideSolutionNode = FALSE
	EndGlobalSection
EndGlobal
